<Solution>
  <Project Path="Cuatrimestre 1/AppDePasaje-POO/AppDePasaje-POO.csproj" />
  <Project Path="Cuatrimestre 1/AppDGV/AppDGV.csproj" />
  <Project Path="Cuatrimestre 1/FromUMLtoApp/FromUMLtoApp.csproj" />
  <Project Path="Cuatrimestre 1/GestionRRHH/GestionRRHH.csproj" />
  <Project Path="Cuatrimestre 1/GestorDeTorneos/GestorDeTorneos.csproj" Id="0c369cb8-fac2-4716-b3da-672b0ca5db50" />
  <Project Path="Cuatrimestre 1/SistemaBancario/SistemaBancario.csproj" />
</Solution>
